
Microsoft Visual Studio Solution File, Format Version 12.00
# Visual Studio Version 17
VisualStudioVersion = 17.0.31903.59
MinimumVisualStudioVersion = 10.0.40219.1
Project("{FAE04EC0-301F-11D3-BF4B-00C04F79EFBC}") = "Dotnet8RestApiJwtTemplate.Api", "Dotnet8RestApiJwtTemplate.Api\Dotnet8RestApiJwtTemplate.Api.csproj", "{2DA7A0AE-EE4E-45AD-888E-3B1A4C67C3E0}"
EndProject
Project("{FAE04EC0-301F-11D3-BF4B-00C04F79EFBC}") = "Dotnet8RestApiJwtTemplate.Test", "Dotnet8RestApiJwtTemplate.Test\Dotnet8RestApiJwtTemplate.Test.csproj", "{0E69A027-806A-4450-91A4-37B2A5F94394}"
EndProject
Global
	GlobalSection(SolutionConfigurationPlatforms) = preSolution
		Debug|Any CPU = Debug|Any CPU
		Debug|x64 = Debug|x64
		Debug|x86 = Debug|x86
		Release|Any CPU = Release|Any CPU
		Release|x64 = Release|x64
		Release|x86 = Release|x86
	EndGlobalSection
	GlobalSection(ProjectConfigurationPlatforms) = postSolution
		{2DA7A0AE-EE4E-45AD-888E-3B1A4C67C3E0}.Debug|Any CPU.ActiveCfg = Debug|Any CPU
		{2DA7A0AE-EE4E-45AD-888E-3B1A4C67C3E0}.Debug|Any CPU.Build.0 = Debug|Any CPU
		{2DA7A0AE-EE4E-45AD-888E-3B1A4C67C3E0}.Debug|x64.ActiveCfg = Debug|Any CPU
		{2DA7A0AE-EE4E-45AD-888E-3B1A4C67C3E0}.Debug|x64.Build.0 = Debug|Any CPU
		{2DA7A0AE-EE4E-45AD-888E-3B1A4C67C3E0}.Debug|x86.ActiveCfg = Debug|Any CPU
		{2DA7A0AE-EE4E-45AD-888E-3B1A4C67C3E0}.Debug|x86.Build.0 = Debug|Any CPU
		{2DA7A0AE-EE4E-45AD-888E-3B1A4C67C3E0}.Release|Any CPU.ActiveCfg = Release|Any CPU
		{2DA7A0AE-EE4E-45AD-888E-3B1A4C67C3E0}.Release|Any CPU.Build.0 = Release|Any CPU
		{2DA7A0AE-EE4E-45AD-888E-3B1A4C67C3E0}.Release|x64.ActiveCfg = Release|Any CPU
		{2DA7A0AE-EE4E-45AD-888E-3B1A4C67C3E0}.Release|x64.Build.0 = Release|Any CPU
		{2DA7A0AE-EE4E-45AD-888E-3B1A4C67C3E0}.Release|x86.ActiveCfg = Release|Any CPU
		{2DA7A0AE-EE4E-45AD-888E-3B1A4C67C3E0}.Release|x86.Build.0 = Release|Any CPU
		{0E69A027-806A-4450-91A4-37B2A5F94394}.Debug|Any CPU.ActiveCfg = Debug|Any CPU
		{0E69A027-806A-4450-91A4-37B2A5F94394}.Debug|Any CPU.Build.0 = Debug|Any CPU
		{0E69A027-806A-4450-91A4-37B2A5F94394}.Debug|x64.ActiveCfg = Debug|Any CPU
		{0E69A027-806A-4450-91A4-37B2A5F94394}.Debug|x64.Build.0 = Debug|Any CPU
		{0E69A027-806A-4450-91A4-37B2A5F94394}.Debug|x86.ActiveCfg = Debug|Any CPU
		{0E69A027-806A-4450-91A4-37B2A5F94394}.Debug|x86.Build.0 = Debug|Any CPU
		{0E69A027-806A-4450-91A4-37B2A5F94394}.Release|Any CPU.ActiveCfg = Release|Any CPU
		{0E69A027-806A-4450-91A4-37B2A5F94394}.Release|Any CPU.Build.0 = Release|Any CPU
		{0E69A027-806A-4450-91A4-37B2A5F94394}.Release|x64.ActiveCfg = Release|Any CPU
		{0E69A027-806A-4450-91A4-37B2A5F94394}.Release|x64.Build.0 = Release|Any CPU
		{0E69A027-806A-4450-91A4-37B2A5F94394}.Release|x86.ActiveCfg = Release|Any CPU
		{0E69A027-806A-4450-91A4-37B2A5F94394}.Release|x86.Build.0 = Release|Any CPU
	EndGlobalSection
	GlobalSection(SolutionProperties) = preSolution
		HideSolutionNode = FALSE
	EndGlobalSection
EndGlobal
